
Microsoft Visual Studio Solution File, Format Version 12.00
# Visual Studio Version 16
VisualStudioVersion = 16.0.31321.278
MinimumVisualStudioVersion = 10.0.40219.1
Project("{FAE04EC0-301F-11D3-BF4B-00C04F79EFBC}") = "Curso_AspNet_Framerwork_Identity", "Curso_AspNet_Framerwork_Identity.csproj", "{41372408-9FA3-4470-B12E-552374C3F54A}"
EndProject
Global
	GlobalSection(SolutionConfigurationPlatforms) = preSolution
		Debug|Any CPU = Debug|Any CPU
		Release|Any CPU = Release|Any CPU
	EndGlobalSection
	GlobalSection(ProjectConfigurationPlatforms) = postSolution
		{41372408-9FA3-4470-B12E-552374C3F54A}.Debug|Any CPU.ActiveCfg = Debug|Any CPU
		{41372408-9FA3-4470-B12E-552374C3F54A}.Debug|Any CPU.Build.0 = Debug|Any CPU
		{41372408-9FA3-4470-B12E-552374C3F54A}.Release|Any CPU.ActiveCfg = Release|Any CPU
		{41372408-9FA3-4470-B12E-552374C3F54A}.Release|Any CPU.Build.0 = Release|Any CPU
	EndGlobalSection
	GlobalSection(SolutionProperties) = preSolution
		HideSolutionNode = FALSE
	EndGlobalSection
	GlobalSection(ExtensibilityGlobals) = postSolution
		SolutionGuid = {2C10967C-92B1-4CD0-9AA7-59B1AF3A4BB1}
	EndGlobalSection
EndGlobal
